{
	"name": "tibia-maps",
	"version": "4.0.0",
	"lockfileVersion": 1,
	"requires": true,
	"dependencies": {
		"argh": {
			"version": "0.1.4",
			"resolved": "https://registry.npmjs.org/argh/-/argh-0.1.4.tgz",
			"integrity": "sha1-PrTWEpc/xrbcbvM49W91nyrFw6Y="
		},
		"arr-union": {
			"version": "3.1.0",
			"resolved": "https://registry.npmjs.org/arr-union/-/arr-union-3.1.0.tgz",
			"integrity": "sha1-45sJrqne+Gao8gbiiK9jkZuuOcQ="
		},
		"balanced-match": {
			"version": "0.4.2",
			"resolved": "https://registry.npmjs.org/balanced-match/-/balanced-match-0.4.2.tgz",
			"integrity": "sha1-yz8+PHMtwPAe5wtAPzAuYddwmDg="
		},
		"brace-expansion": {
			"version": "1.1.7",
			"resolved": "https://registry.npmjs.org/brace-expansion/-/brace-expansion-1.1.7.tgz",
			"integrity": "sha1-Pv/DxQ4ABTH7cg6v+A8K6O8jz1k=",
			"requires": {
				"balanced-match": "0.4.2",
				"concat-map": "0.0.1"
			}
		},
		"bytewise": {
			"version": "1.1.0",
			"resolved": "https://registry.npmjs.org/bytewise/-/bytewise-1.1.0.tgz",
			"integrity": "sha1-HRPL/3F65xWAlKqIGzXQgbOHJT4=",
			"requires": {
				"bytewise-core": "1.2.3",
				"typewise": "1.0.3"
			}
		},
		"bytewise-core": {
			"version": "1.2.3",
			"resolved": "https://registry.npmjs.org/bytewise-core/-/bytewise-core-1.2.3.tgz",
			"integrity": "sha1-P7QQx+kVWOsasiqCg0V3qmvWHUI=",
			"requires": {
				"typewise-core": "1.2.0"
			}
		},
		"canvas": {
			"version": "1.6.5",
			"resolved": "https://registry.npmjs.org/canvas/-/canvas-1.6.5.tgz",
			"integrity": "sha1-VX+ZiPXSyV/cJHxhpe5D3lL2cXw=",
			"requires": {
				"nan": "2.6.2",
				"parse-css-font": "2.0.2",
				"units-css": "0.4.0"
			}
		},
		"concat-map": {
			"version": "0.0.1",
			"resolved": "https://registry.npmjs.org/concat-map/-/concat-map-0.0.1.tgz",
			"integrity": "sha1-2Klr13/Wjfd5OnMDajug1UBdR3s="
		},
		"crc": {
			"version": "3.4.4",
			"resolved": "https://registry.npmjs.org/crc/-/crc-3.4.4.tgz",
			"integrity": "sha1-naHpgOO9RPxck79as9ozeNheRms="
		},
		"css-font-size-keywords": {
			"version": "1.0.0",
			"resolved": "https://registry.npmjs.org/css-font-size-keywords/-/css-font-size-keywords-1.0.0.tgz",
			"integrity": "sha1-hUh1rOmspqjS7g00WkSq6btttss="
		},
		"css-font-stretch-keywords": {
			"version": "1.0.1",
			"resolved": "https://registry.npmjs.org/css-font-stretch-keywords/-/css-font-stretch-keywords-1.0.1.tgz",
			"integrity": "sha1-UM7puboDH7XJUtRyMTnx4Qe1SxA="
		},
		"css-font-style-keywords": {
			"version": "1.0.1",
			"resolved": "https://registry.npmjs.org/css-font-style-keywords/-/css-font-style-keywords-1.0.1.tgz",
			"integrity": "sha1-XDUygT9jtKHelU0TzqhqtDM0CeQ="
		},
		"css-font-weight-keywords": {
			"version": "1.0.0",
			"resolved": "https://registry.npmjs.org/css-font-weight-keywords/-/css-font-weight-keywords-1.0.0.tgz",
			"integrity": "sha1-m8BGcayFvHJLV07106yWsNYE/Zc="
		},
		"css-global-keywords": {
			"version": "1.0.1",
			"resolved": "https://registry.npmjs.org/css-global-keywords/-/css-global-keywords-1.0.1.tgz",
			"integrity": "sha1-cqmupyeW0Bmx0qMlLeTlqqN+Smk="
		},
		"css-list-helpers": {
			"version": "1.0.1",
			"resolved": "https://registry.npmjs.org/css-list-helpers/-/css-list-helpers-1.0.1.tgz",
			"integrity": "sha1-//VxkiAtuDJAxBaG+RnkSacCT30=",
			"requires": {
				"tcomb": "2.7.0"
			}
		},
		"css-system-font-keywords": {
			"version": "1.0.0",
			"resolved": "https://registry.npmjs.org/css-system-font-keywords/-/css-system-font-keywords-1.0.0.tgz",
			"integrity": "sha1-hcbwhquk6zLFcaMIav/ENLhII+0="
		},
		"extend-shallow": {
			"version": "2.0.1",
			"resolved": "https://registry.npmjs.org/extend-shallow/-/extend-shallow-2.0.1.tgz",
			"integrity": "sha1-Ua99YUrZqfYQ6huvu5idaxxWiQ8=",
			"requires": {
				"is-extendable": "0.1.1"
			}
		},
		"fs.realpath": {
			"version": "1.0.0",
			"resolved": "https://registry.npmjs.org/fs.realpath/-/fs.realpath-1.0.0.tgz",
			"integrity": "sha1-FQStJSMVjKpA20onh8sBQRmU6k8="
		},
		"get-value": {
			"version": "2.0.6",
			"resolved": "https://registry.npmjs.org/get-value/-/get-value-2.0.6.tgz",
			"integrity": "sha1-3BXKHGcjh8p2vTesCjlbogQqLCg="
		},
		"glob": {
			"version": "7.1.2",
			"resolved": "https://registry.npmjs.org/glob/-/glob-7.1.2.tgz",
			"integrity": "sha512-MJTUg1kjuLeQCJ+ccE4Vpa6kKVXkPYJ2mOCQyUuKLcLQsdrMCpBPUi8qVE6+YuaJkozeA9NusTAw3hLr8Xe5EQ==",
			"requires": {
				"fs.realpath": "1.0.0",
				"inflight": "1.0.6",
				"inherits": "2.0.3",
				"minimatch": "3.0.4",
				"once": "1.4.0",
				"path-is-absolute": "1.0.1"
			}
		},
		"inflight": {
			"version": "1.0.6",
			"resolved": "https://registry.npmjs.org/inflight/-/inflight-1.0.6.tgz",
			"integrity": "sha1-Sb1jMdfQLQwJvJEKEHW6gWW1bfk=",
			"requires": {
				"once": "1.4.0",
				"wrappy": "1.0.2"
			}
		},
		"inherits": {
			"version": "2.0.3",
			"resolved": "https://registry.npmjs.org/inherits/-/inherits-2.0.3.tgz",
			"integrity": "sha1-Yzwsg+PaQqUC9SRmAiSA9CCCYd4="
		},
		"is-buffer": {
			"version": "1.1.5",
			"resolved": "https://registry.npmjs.org/is-buffer/-/is-buffer-1.1.5.tgz",
			"integrity": "sha1-Hzsm72E7IUuIy8ojzGwB2Hlh7sw="
		},
		"is-extendable": {
			"version": "0.1.1",
			"resolved": "https://registry.npmjs.org/is-extendable/-/is-extendable-0.1.1.tgz",
			"integrity": "sha1-YrEQ4omkcUGOPsNqYX1HLjAd/Ik="
		},
		"is-plain-object": {
			"version": "2.0.3",
			"resolved": "https://registry.npmjs.org/is-plain-object/-/is-plain-object-2.0.3.tgz",
			"integrity": "sha1-wVvz5LZrYtcu+vKSWEhmPsvGGbY=",
			"requires": {
				"isobject": "3.0.0"
			}
		},
		"isnumeric": {
			"version": "0.2.0",
			"resolved": "https://registry.npmjs.org/isnumeric/-/isnumeric-0.2.0.tgz",
			"integrity": "sha1-ojR7o2DeGeM9D/1ZD933dVy/LmQ="
		},
		"isobject": {
			"version": "3.0.0",
			"resolved": "https://registry.npmjs.org/isobject/-/isobject-3.0.0.tgz",
			"integrity": "sha1-OVZSF/NmF4nooKDAgNX35rxG4aA="
		},
		"kind-of": {
			"version": "3.2.2",
			"resolved": "https://registry.npmjs.org/kind-of/-/kind-of-3.2.2.tgz",
			"integrity": "sha1-MeohpzS6ubuw8yRm2JOupR5KPGQ=",
			"requires": {
				"is-buffer": "1.1.5"
			}
		},
		"lodash.padstart": {
			"version": "4.6.1",
			"resolved": "https://registry.npmjs.org/lodash.padstart/-/lodash.padstart-4.6.1.tgz",
			"integrity": "sha1-0uPuv/DZ05rVD1y9G1KnvOa7YRs="
		},
		"lodash.range": {
			"version": "3.2.0",
			"resolved": "https://registry.npmjs.org/lodash.range/-/lodash.range-3.2.0.tgz",
			"integrity": "sha1-9GHliPZmg/fq3q3lE+OKaaVloV0="
		},
		"minimatch": {
			"version": "3.0.4",
			"resolved": "https://registry.npmjs.org/minimatch/-/minimatch-3.0.4.tgz",
			"integrity": "sha512-yJHVQEhyqPLUTgt9B83PXu6W3rx4MvvHvSUvToogpwoGDOUQ+yDrR0HRot+yOCdCO7u4hX3pWft6kWBBcqh0UA==",
			"requires": {
				"brace-expansion": "1.1.7"
			}
		},
		"minimist": {
			"version": "0.0.8",
			"resolved": "https://registry.npmjs.org/minimist/-/minimist-0.0.8.tgz",
			"integrity": "sha1-hX/Kv8M5fSYluCKCYuhqp6ARsF0="
		},
		"mkdirp": {
			"version": "0.5.1",
			"resolved": "https://registry.npmjs.org/mkdirp/-/mkdirp-0.5.1.tgz",
			"integrity": "sha1-MAV0OOrGz3+MR2fzhkjWaX11yQM=",
			"requires": {
				"minimist": "0.0.8"
			}
		},
		"nan": {
			"version": "2.6.2",
			"resolved": "https://registry.npmjs.org/nan/-/nan-2.6.2.tgz",
			"integrity": "sha1-5P805slf37WuzAjeZZb0NgWn20U="
		},
		"once": {
			"version": "1.4.0",
			"resolved": "https://registry.npmjs.org/once/-/once-1.4.0.tgz",
			"integrity": "sha1-WDsap3WWHUsROsF9nFC6753Xa9E=",
			"requires": {
				"wrappy": "1.0.2"
			}
		},
		"parse-css-font": {
			"version": "2.0.2",
			"resolved": "https://registry.npmjs.org/parse-css-font/-/parse-css-font-2.0.2.tgz",
			"integrity": "sha1-e2CwYHBaJam5C38O1JPlgjJIplI=",
			"requires": {
				"css-font-size-keywords": "1.0.0",
				"css-font-stretch-keywords": "1.0.1",
				"css-font-style-keywords": "1.0.1",
				"css-font-weight-keywords": "1.0.0",
				"css-global-keywords": "1.0.1",
				"css-list-helpers": "1.0.1",
				"css-system-font-keywords": "1.0.0",
				"tcomb": "2.7.0",
				"unquote": "1.1.0"
			}
		},
		"path-is-absolute": {
			"version": "1.0.1",
			"resolved": "https://registry.npmjs.org/path-is-absolute/-/path-is-absolute-1.0.1.tgz",
			"integrity": "sha1-F0uSaHNVNP+8es5r9TpanhtcX18="
		},
		"rimraf": {
			"version": "2.6.1",
			"resolved": "https://registry.npmjs.org/rimraf/-/rimraf-2.6.1.tgz",
			"integrity": "sha1-wjOOxkPfeht/5cVPqG9XQopV8z0=",
			"requires": {
				"glob": "7.1.2"
			}
		},
		"set-value": {
			"version": "0.4.3",
			"resolved": "https://registry.npmjs.org/set-value/-/set-value-0.4.3.tgz",
			"integrity": "sha1-fbCPnT0i3H945Trzw79GZuzfzPE=",
			"requires": {
				"extend-shallow": "2.0.1",
				"is-extendable": "0.1.1",
				"is-plain-object": "2.0.3",
				"to-object-path": "0.3.0"
			}
		},
		"sort-asc": {
			"version": "0.2.0",
			"resolved": "https://registry.npmjs.org/sort-asc/-/sort-asc-0.2.0.tgz",
			"integrity": "sha1-AKSelHvCXVEL/eLLuN/9qfUOsvw="
		},
		"sort-desc": {
			"version": "0.2.0",
			"resolved": "https://registry.npmjs.org/sort-desc/-/sort-desc-0.2.0.tgz",
			"integrity": "sha1-KAwb2vxld4h87brR7S5BwDeXZkY="
		},
		"sort-object": {
			"version": "3.0.2",
			"resolved": "https://registry.npmjs.org/sort-object/-/sort-object-3.0.2.tgz",
			"integrity": "sha1-2vK2k/YR990qIbgrgF5OrCMPdV4=",
			"requires": {
				"bytewise": "1.1.0",
				"get-value": "2.0.6",
				"is-extendable": "0.1.1",
				"sort-asc": "0.2.0",
				"sort-desc": "0.2.0",
				"union-value": "0.2.4"
			}
		},
		"tcomb": {
			"version": "2.7.0",
			"resolved": "https://registry.npmjs.org/tcomb/-/tcomb-2.7.0.tgz",
			"integrity": "sha1-ENYpWAQWaaXVNWe5pO6M3iKxwrA="
		},
		"tibia-minimap-png": {
			"version": "1.0.1",
			"resolved": "https://registry.npmjs.org/tibia-minimap-png/-/tibia-minimap-png-1.0.1.tgz",
			"integrity": "sha1-bewIWd1ipIU/gggy2D2gh6SpYW0=",
			"requires": {
				"crc": "3.4.4"
			}
		},
		"to-object-path": {
			"version": "0.3.0",
			"resolved": "https://registry.npmjs.org/to-object-path/-/to-object-path-0.3.0.tgz",
			"integrity": "sha1-KXWIt7Dn4KwI4E5nL4XB9JmeF68=",
			"requires": {
				"kind-of": "3.2.2"
			}
		},
		"typewise": {
			"version": "1.0.3",
			"resolved": "https://registry.npmjs.org/typewise/-/typewise-1.0.3.tgz",
			"integrity": "sha1-EGeTZUCvl5N8xdz5kiSG6fooRlE=",
			"requires": {
				"typewise-core": "1.2.0"
			}
		},
		"typewise-core": {
			"version": "1.2.0",
			"resolved": "https://registry.npmjs.org/typewise-core/-/typewise-core-1.2.0.tgz",
			"integrity": "sha1-l+uRgFx/VdL5QXSPpQ0xXZke8ZU="
		},
		"union-value": {
			"version": "0.2.4",
			"resolved": "https://registry.npmjs.org/union-value/-/union-value-0.2.4.tgz",
			"integrity": "sha1-c3UVJ4ZnkFfns3qmdug0aPwCdPA=",
			"requires": {
				"arr-union": "3.1.0",
				"get-value": "2.0.6",
				"is-extendable": "0.1.1",
				"set-value": "0.4.3"
			}
		},
		"units-css": {
			"version": "0.4.0",
			"resolved": "https://registry.npmjs.org/units-css/-/units-css-0.4.0.tgz",
			"integrity": "sha1-1iKGU6UZg9fBb/KPi53Dsf/tOgc=",
			"requires": {
				"isnumeric": "0.2.0",
				"viewport-dimensions": "0.2.0"
			}
		},
		"unquote": {
			"version": "1.1.0",
			"resolved": "https://registry.npmjs.org/unquote/-/unquote-1.1.0.tgz",
			"integrity": "sha1-mOH8YItrhUx1r7G5WvwJm6adlC8="
		},
		"utf8": {
			"version": "2.1.2",
			"resolved": "https://registry.npmjs.org/utf8/-/utf8-2.1.2.tgz",
			"integrity": "sha1-H6DZJw6b6FDZsFAn9jUZv0ZFfZY="
		},
		"viewport-dimensions": {
			"version": "0.2.0",
			"resolved": "https://registry.npmjs.org/viewport-dimensions/-/viewport-dimensions-0.2.0.tgz",
			"integrity": "sha1-3nQHR9tTh/0XJfUXXpG6x2r982w="
		},
		"windows-1252": {
			"version": "1.0.0",
			"resolved": "https://registry.npmjs.org/windows-1252/-/windows-1252-1.0.0.tgz",
			"integrity": "sha1-ch2UZ9TaFy0rjdKlYJSwQ1X+WXY="
		},
		"wrappy": {
			"version": "1.0.2",
			"resolved": "https://registry.npmjs.org/wrappy/-/wrappy-1.0.2.tgz",
			"integrity": "sha1-tSQ9jz7BqjXxNkYFvA0QNuMKtp8="
		}
	}
}
